
Microsoft Visual Studio Solution File, Format Version 12.00
# Visual Studio 2012
Project("{2150E333-8FDC-42A3-9474-1A3956D46DE8}") = "R2.Halo.Apps", "R2.Halo.Apps", "{BC6AEC04-7CAA-4254-B1AF-A3788EB4C441}"
EndProject
Project("{FAE04EC0-301F-11D3-BF4B-00C04F79EFBC}") = "R2.Halo.Apps.Test", "R2.Halo.Apps\R2.Halo.Apps.Test\R2.Halo.Apps.Test.csproj", "{C6E3FFE5-26D1-40E9-B719-A803D85DF596}"
EndProject
Project("{FAE04EC0-301F-11D3-BF4B-00C04F79EFBC}") = "R2.Disaster.Core", "..\R2.Disaster\Core\R2.Disaster.CoreInfrastructure\R2.Disaster.Core.csproj", "{56B94CEB-6C59-4D40-98EF-5CF0AE50E39B}"
EndProject
Project("{2150E333-8FDC-42A3-9474-1A3956D46DE8}") = "R2.Halo.Webs", "R2.Halo.Webs", "{6BEC840C-887E-41E0-9967-B9AC45E37F2C}"
EndProject
Project("{2150E333-8FDC-42A3-9474-1A3956D46DE8}") = "R2.Halo.Core", "R2.Halo.Core", "{1963C160-28F1-44EE-A245-47F5AA6D2236}"
EndProject
Project("{FAE04EC0-301F-11D3-BF4B-00C04F79EFBC}") = "R2.Halo.Web", "R2.Halo.Webs\R2.Halo.Web\R2.Halo.Web.csproj", "{6DCC30EB-B7E0-429D-B38E-ED8F72A9CA43}"
EndProject
Project("{FAE04EC0-301F-11D3-BF4B-00C04F79EFBC}") = "R2.Disaster.WebFramework", "..\R2.Disaster\WebAPI\R2.Disaster.WebFramework\R2.Disaster.WebFramework.csproj", "{3D8BD5F1-76AE-41DD-A26D-ACCCDFF00EED}"
EndProject
Global
	GlobalSection(SolutionConfigurationPlatforms) = preSolution
		Debug|Any CPU = Debug|Any CPU
		Release|Any CPU = Release|Any CPU
	EndGlobalSection
	GlobalSection(ProjectConfigurationPlatforms) = postSolution
		{C6E3FFE5-26D1-40E9-B719-A803D85DF596}.Debug|Any CPU.ActiveCfg = Debug|Any CPU
		{C6E3FFE5-26D1-40E9-B719-A803D85DF596}.Debug|Any CPU.Build.0 = Debug|Any CPU
		{C6E3FFE5-26D1-40E9-B719-A803D85DF596}.Release|Any CPU.ActiveCfg = Release|Any CPU
		{C6E3FFE5-26D1-40E9-B719-A803D85DF596}.Release|Any CPU.Build.0 = Release|Any CPU
		{56B94CEB-6C59-4D40-98EF-5CF0AE50E39B}.Debug|Any CPU.ActiveCfg = Debug|Any CPU
		{56B94CEB-6C59-4D40-98EF-5CF0AE50E39B}.Debug|Any CPU.Build.0 = Debug|Any CPU
		{56B94CEB-6C59-4D40-98EF-5CF0AE50E39B}.Release|Any CPU.ActiveCfg = Release|Any CPU
		{56B94CEB-6C59-4D40-98EF-5CF0AE50E39B}.Release|Any CPU.Build.0 = Release|Any CPU
		{6DCC30EB-B7E0-429D-B38E-ED8F72A9CA43}.Debug|Any CPU.ActiveCfg = Debug|Any CPU
		{6DCC30EB-B7E0-429D-B38E-ED8F72A9CA43}.Debug|Any CPU.Build.0 = Debug|Any CPU
		{6DCC30EB-B7E0-429D-B38E-ED8F72A9CA43}.Release|Any CPU.ActiveCfg = Release|Any CPU
		{6DCC30EB-B7E0-429D-B38E-ED8F72A9CA43}.Release|Any CPU.Build.0 = Release|Any CPU
		{3D8BD5F1-76AE-41DD-A26D-ACCCDFF00EED}.Debug|Any CPU.ActiveCfg = Debug|Any CPU
		{3D8BD5F1-76AE-41DD-A26D-ACCCDFF00EED}.Debug|Any CPU.Build.0 = Debug|Any CPU
		{3D8BD5F1-76AE-41DD-A26D-ACCCDFF00EED}.Release|Any CPU.ActiveCfg = Release|Any CPU
		{3D8BD5F1-76AE-41DD-A26D-ACCCDFF00EED}.Release|Any CPU.Build.0 = Release|Any CPU
	EndGlobalSection
	GlobalSection(SolutionProperties) = preSolution
		HideSolutionNode = FALSE
	EndGlobalSection
	GlobalSection(NestedProjects) = preSolution
		{C6E3FFE5-26D1-40E9-B719-A803D85DF596} = {BC6AEC04-7CAA-4254-B1AF-A3788EB4C441}
		{56B94CEB-6C59-4D40-98EF-5CF0AE50E39B} = {1963C160-28F1-44EE-A245-47F5AA6D2236}
		{6DCC30EB-B7E0-429D-B38E-ED8F72A9CA43} = {6BEC840C-887E-41E0-9967-B9AC45E37F2C}
		{3D8BD5F1-76AE-41DD-A26D-ACCCDFF00EED} = {6BEC840C-887E-41E0-9967-B9AC45E37F2C}
	EndGlobalSection
EndGlobal
